
Microsoft Visual Studio Solution File, Format Version 12.00
# Visual Studio Version 17
VisualStudioVersion = 17.4.33403.182
MinimumVisualStudioVersion = 10.0.40219.1
Project("{FAE04EC0-301F-11D3-BF4B-00C04F79EFBC}") = "Portfolio.API", "Portfolio.API\Portfolio.API.csproj", "{D1BBFE5B-4942-4D19-A562-FD7BC7B4D112}"
EndProject
Global
	GlobalSection(SolutionConfigurationPlatforms) = preSolution
		Debug|Any CPU = Debug|Any CPU
		Release|Any CPU = Release|Any CPU
	EndGlobalSection
	GlobalSection(ProjectConfigurationPlatforms) = postSolution
		{D1BBFE5B-4942-4D19-A562-FD7BC7B4D112}.Debug|Any CPU.ActiveCfg = Debug|Any CPU
		{D1BBFE5B-4942-4D19-A562-FD7BC7B4D112}.Debug|Any CPU.Build.0 = Debug|Any CPU
		{D1BBFE5B-4942-4D19-A562-FD7BC7B4D112}.Release|Any CPU.ActiveCfg = Release|Any CPU
		{D1BBFE5B-4942-4D19-A562-FD7BC7B4D112}.Release|Any CPU.Build.0 = Release|Any CPU
	EndGlobalSection
	GlobalSection(SolutionProperties) = preSolution
		HideSolutionNode = FALSE
	EndGlobalSection
	GlobalSection(ExtensibilityGlobals) = postSolution
		SolutionGuid = {1F9426C4-B1A1-4AEC-B7E9-3D26295FFF3F}
	EndGlobalSection
EndGlobal
